
Microsoft Visual Studio Solution File, Format Version 12.00
# Visual Studio Version 16
VisualStudioVersion = 16.0.31515.178
MinimumVisualStudioVersion = 10.0.40219.1
Project("{8BC9CEB8-8B4A-11D0-8D11-00A0C91BC942}") = "Mouse_Ctrl_Easyx", "Mouse_Ctrl_Easyx\Mouse_Ctrl_Easyx.vcxproj", "{4EF3DFB4-A85D-4CE5-85CD-788C9B32AD2E}"
EndProject
Global
	GlobalSection(SolutionConfigurationPlatforms) = preSolution
		Debug|x64 = Debug|x64
		Debug|x86 = Debug|x86
		Release|x64 = Release|x64
		Release|x86 = Release|x86
	EndGlobalSection
	GlobalSection(ProjectConfigurationPlatforms) = postSolution
		{4EF3DFB4-A85D-4CE5-85CD-788C9B32AD2E}.Debug|x64.ActiveCfg = Debug|x64
		{4EF3DFB4-A85D-4CE5-85CD-788C9B32AD2E}.Debug|x64.Build.0 = Debug|x64
		{4EF3DFB4-A85D-4CE5-85CD-788C9B32AD2E}.Debug|x86.ActiveCfg = Debug|Win32
		{4EF3DFB4-A85D-4CE5-85CD-788C9B32AD2E}.Debug|x86.Build.0 = Debug|Win32
		{4EF3DFB4-A85D-4CE5-85CD-788C9B32AD2E}.Release|x64.ActiveCfg = Release|x64
		{4EF3DFB4-A85D-4CE5-85CD-788C9B32AD2E}.Release|x64.Build.0 = Release|x64
		{4EF3DFB4-A85D-4CE5-85CD-788C9B32AD2E}.Release|x86.ActiveCfg = Release|Win32
		{4EF3DFB4-A85D-4CE5-85CD-788C9B32AD2E}.Release|x86.Build.0 = Release|Win32
	EndGlobalSection
	GlobalSection(SolutionProperties) = preSolution
		HideSolutionNode = FALSE
	EndGlobalSection
	GlobalSection(ExtensibilityGlobals) = postSolution
		SolutionGuid = {8BBA4A7B-DC89-4342-AC5F-C9854B406A48}
	EndGlobalSection
EndGlobal
