
Microsoft Visual Studio Solution File, Format Version 12.00
# Visual Studio Version 17
VisualStudioVersion = 17.0.31521.260
MinimumVisualStudioVersion = 10.0.40219.1
Project("{8BC9CEB8-8B4A-11D0-8D11-00A0C91BC942}") = "littleStarC", "littleStarC\littleStarC.vcxproj", "{5A3911E1-C6DA-42F8-AD90-F7323CA2125B}"
EndProject
Global
	GlobalSection(SolutionConfigurationPlatforms) = preSolution
		Debug|x64 = Debug|x64
		Debug|x86 = Debug|x86
		Release|x64 = Release|x64
		Release|x86 = Release|x86
	EndGlobalSection
	GlobalSection(ProjectConfigurationPlatforms) = postSolution
		{5A3911E1-C6DA-42F8-AD90-F7323CA2125B}.Debug|x64.ActiveCfg = Debug|x64
		{5A3911E1-C6DA-42F8-AD90-F7323CA2125B}.Debug|x64.Build.0 = Debug|x64
		{5A3911E1-C6DA-42F8-AD90-F7323CA2125B}.Debug|x86.ActiveCfg = Debug|Win32
		{5A3911E1-C6DA-42F8-AD90-F7323CA2125B}.Debug|x86.Build.0 = Debug|Win32
		{5A3911E1-C6DA-42F8-AD90-F7323CA2125B}.Release|x64.ActiveCfg = Release|x64
		{5A3911E1-C6DA-42F8-AD90-F7323CA2125B}.Release|x64.Build.0 = Release|x64
		{5A3911E1-C6DA-42F8-AD90-F7323CA2125B}.Release|x86.ActiveCfg = Release|Win32
		{5A3911E1-C6DA-42F8-AD90-F7323CA2125B}.Release|x86.Build.0 = Release|Win32
	EndGlobalSection
	GlobalSection(SolutionProperties) = preSolution
		HideSolutionNode = FALSE
	EndGlobalSection
	GlobalSection(ExtensibilityGlobals) = postSolution
		SolutionGuid = {3039A203-C5B3-426B-96D8-F3CD1C900E24}
	EndGlobalSection
EndGlobal
