
Microsoft Visual Studio Solution File, Format Version 12.00
# Visual Studio Version 16
VisualStudioVersion = 16.0.31515.178
MinimumVisualStudioVersion = 10.0.40219.1
Project("{8BC9CEB8-8B4A-11D0-8D11-00A0C91BC942}") = "KeyBoard_Easyx", "KeyBoard_Easyx\KeyBoard_Easyx.vcxproj", "{A4A33E5F-9B29-4B42-A716-3BDE84BB192D}"
EndProject
Global
	GlobalSection(SolutionConfigurationPlatforms) = preSolution
		Debug|x64 = Debug|x64
		Debug|x86 = Debug|x86
		Release|x64 = Release|x64
		Release|x86 = Release|x86
	EndGlobalSection
	GlobalSection(ProjectConfigurationPlatforms) = postSolution
		{A4A33E5F-9B29-4B42-A716-3BDE84BB192D}.Debug|x64.ActiveCfg = Debug|x64
		{A4A33E5F-9B29-4B42-A716-3BDE84BB192D}.Debug|x64.Build.0 = Debug|x64
		{A4A33E5F-9B29-4B42-A716-3BDE84BB192D}.Debug|x86.ActiveCfg = Debug|Win32
		{A4A33E5F-9B29-4B42-A716-3BDE84BB192D}.Debug|x86.Build.0 = Debug|Win32
		{A4A33E5F-9B29-4B42-A716-3BDE84BB192D}.Release|x64.ActiveCfg = Release|x64
		{A4A33E5F-9B29-4B42-A716-3BDE84BB192D}.Release|x64.Build.0 = Release|x64
		{A4A33E5F-9B29-4B42-A716-3BDE84BB192D}.Release|x86.ActiveCfg = Release|Win32
		{A4A33E5F-9B29-4B42-A716-3BDE84BB192D}.Release|x86.Build.0 = Release|Win32
	EndGlobalSection
	GlobalSection(SolutionProperties) = preSolution
		HideSolutionNode = FALSE
	EndGlobalSection
	GlobalSection(ExtensibilityGlobals) = postSolution
		SolutionGuid = {65610093-B1B9-42DB-B8BE-E2D1BD1FC85D}
	EndGlobalSection
EndGlobal
